// !$*UTF8*$!
{
	archiveVersion = 1;
	classes = {
	};
	objectVersion = 46;
	objects = {

/* Begin PBXBuildFile section */
		2A43B345B60B8BE7C965D683 /* Pods_FirebaseSwimeeTests.framework in Frameworks */ = {isa = PBXBuildFile; fileRef = 493B1A25F422160F21ED46DB /* Pods_FirebaseSwimeeTests.framework */; };
		3923D5111DC04AFE00474159 /* AppDelegate.swift in Sources */ = {isa = PBXBuildFile; fileRef = 3923D5101DC04AFE00474159 /* AppDelegate.swift */; };
		3923D5161DC04AFE00474159 /* Main.storyboard in Resources */ = {isa = PBXBuildFile; fileRef = 3923D5141DC04AFE00474159 /* Main.storyboard */; };
		3923D5181DC04AFE00474159 /* Assets.xcassets in Resources */ = {isa = PBXBuildFile; fileRef = 3923D5171DC04AFE00474159 /* Assets.xcassets */; };
		3923D51B1DC04AFE00474159 /* LaunchScreen.storyboard in Resources */ = {isa = PBXBuildFile; fileRef = 3923D5191DC04AFE00474159 /* LaunchScreen.storyboard */; };
		3923D5261DC04AFE00474159 /* FirebaseSwimeeTests.swift in Sources */ = {isa = PBXBuildFile; fileRef = 3923D5251DC04AFE00474159 /* FirebaseSwimeeTests.swift */; };
		3923D5311DC04AFE00474159 /* FirebaseSwimeeUITests.swift in Sources */ = {isa = PBXBuildFile; fileRef = 3923D5301DC04AFE00474159 /* FirebaseSwimeeUITests.swift */; };
		3923D5471DC04EFD00474159 /* ReceiveViewController.swift in Sources */ = {isa = PBXBuildFile; fileRef = 3923D5461DC04EFD00474159 /* ReceiveViewController.swift */; };
		3923D54A1DC04F8D00474159 /* TransmitViewController.swift in Sources */ = {isa = PBXBuildFile; fileRef = 3923D5491DC04F8D00474159 /* TransmitViewController.swift */; };
		3923D54E1DC04FDE00474159 /* ReceiveViewController.storyboard in Resources */ = {isa = PBXBuildFile; fileRef = 3923D54D1DC04FDE00474159 /* ReceiveViewController.storyboard */; };
		3923D5501DC04FF800474159 /* TransmitViewController.storyboard in Resources */ = {isa = PBXBuildFile; fileRef = 3923D54F1DC04FF800474159 /* TransmitViewController.storyboard */; };
		3923D5521DC050AC00474159 /* TabBarViewController.swift in Sources */ = {isa = PBXBuildFile; fileRef = 3923D5511DC050AC00474159 /* TabBarViewController.swift */; };
		3923D5541DC0510100474159 /* StoryboardInstantiable.swift in Sources */ = {isa = PBXBuildFile; fileRef = 3923D5531DC0510100474159 /* StoryboardInstantiable.swift */; };
		3983752E1DC4745500CE08B2 /* Network.swift in Sources */ = {isa = PBXBuildFile; fileRef = 3983752D1DC4745500CE08B2 /* Network.swift */; };
		46D6AF7F1DC35BF400BA44C3 /* OptionalUtility.swift in Sources */ = {isa = PBXBuildFile; fileRef = 46D6AF7E1DC35BF400BA44C3 /* OptionalUtility.swift */; };
		610F059607997D79CE3A688A /* Pods_FirebaseSwimeeUITests.framework in Frameworks */ = {isa = PBXBuildFile; fileRef = E711DD8D143CF08963EC8C20 /* Pods_FirebaseSwimeeUITests.framework */; };
		639B89A91DC2174200DEC956 /* GoogleService-Info.plist in Resources */ = {isa = PBXBuildFile; fileRef = 639B89A81DC2174200DEC956 /* GoogleService-Info.plist */; };
		C08463E487EC00E00CCABC7A /* Pods_FirebaseSwimee.framework in Frameworks */ = {isa = PBXBuildFile; fileRef = 2041C383616D143200B06FD2 /* Pods_FirebaseSwimee.framework */; };
/* End PBXBuildFile section */

/* Begin PBXContainerItemProxy section */
		3923D5221DC04AFE00474159 /* PBXContainerItemProxy */ = {
			isa = PBXContainerItemProxy;
			containerPortal = 3923D5051DC04AFE00474159 /* Project object */;
			proxyType = 1;
			remoteGlobalIDString = 3923D50C1DC04AFE00474159;
			remoteInfo = FirebaseSwimee;
		};
		3923D52D1DC04AFE00474159 /* PBXContainerItemProxy */ = {
			isa = PBXContainerItemProxy;
			containerPortal = 3923D5051DC04AFE00474159 /* Project object */;
			proxyType = 1;
			remoteGlobalIDString = 3923D50C1DC04AFE00474159;
			remoteInfo = FirebaseSwimee;
		};
/* End PBXContainerItemProxy section */

/* Begin PBXFileReference section */
		2041C383616D143200B06FD2 /* Pods_FirebaseSwimee.framework */ = {isa = PBXFileReference; explicitFileType = wrapper.framework; includeInIndex = 0; path = Pods_FirebaseSwimee.framework; sourceTree = BUILT_PRODUCTS_DIR; };
		3923D50D1DC04AFE00474159 /* FirebaseSwimee.app */ = {isa = PBXFileReference; explicitFileType = wrapper.application; includeInIndex = 0; path = FirebaseSwimee.app; sourceTree = BUILT_PRODUCTS_DIR; };
		3923D5101DC04AFE00474159 /* AppDelegate.swift */ = {isa = PBXFileReference; lastKnownFileType = sourcecode.swift; path = AppDelegate.swift; sourceTree = "<group>"; };
		3923D5151DC04AFE00474159 /* Base */ = {isa = PBXFileReference; lastKnownFileType = file.storyboard; name = Base; path = Base.lproj/Main.storyboard; sourceTree = "<group>"; };
		3923D5171DC04AFE00474159 /* Assets.xcassets */ = {isa = PBXFileReference; lastKnownFileType = folder.assetcatalog; path = Assets.xcassets; sourceTree = "<group>"; };
		3923D51A1DC04AFE00474159 /* Base */ = {isa = PBXFileReference; lastKnownFileType = file.storyboard; name = Base; path = Base.lproj/LaunchScreen.storyboard; sourceTree = "<group>"; };
		3923D51C1DC04AFE00474159 /* Info.plist */ = {isa = PBXFileReference; lastKnownFileType = text.plist.xml; path = Info.plist; sourceTree = "<group>"; };
		3923D5211DC04AFE00474159 /* FirebaseSwimeeTests.xctest */ = {isa = PBXFileReference; explicitFileType = wrapper.cfbundle; includeInIndex = 0; path = FirebaseSwimeeTests.xctest; sourceTree = BUILT_PRODUCTS_DIR; };
		3923D5251DC04AFE00474159 /* FirebaseSwimeeTests.swift */ = {isa = PBXFileReference; lastKnownFileType = sourcecode.swift; path = FirebaseSwimeeTests.swift; sourceTree = "<group>"; };
		3923D5271DC04AFE00474159 /* Info.plist */ = {isa = PBXFileReference; lastKnownFileType = text.plist.xml; path = Info.plist; sourceTree = "<group>"; };
		3923D52C1DC04AFE00474159 /* FirebaseSwimeeUITests.xctest */ = {isa = PBXFileReference; explicitFileType = wrapper.cfbundle; includeInIndex = 0; path = FirebaseSwimeeUITests.xctest; sourceTree = BUILT_PRODUCTS_DIR; };
		3923D5301DC04AFE00474159 /* FirebaseSwimeeUITests.swift */ = {isa = PBXFileReference; lastKnownFileType = sourcecode.swift; path = FirebaseSwimeeUITests.swift; sourceTree = "<group>"; };
		3923D5321DC04AFE00474159 /* Info.plist */ = {isa = PBXFileReference; lastKnownFileType = text.plist.xml; path = Info.plist; sourceTree = "<group>"; };
		3923D5461DC04EFD00474159 /* ReceiveViewController.swift */ = {isa = PBXFileReference; fileEncoding = 4; lastKnownFileType = sourcecode.swift; name = ReceiveViewController.swift; path = Receive/ReceiveViewController.swift; sourceTree = "<group>"; };
		3923D5491DC04F8D00474159 /* TransmitViewController.swift */ = {isa = PBXFileReference; fileEncoding = 4; lastKnownFileType = sourcecode.swift; name = TransmitViewController.swift; path = Transmit/TransmitViewController.swift; sourceTree = "<group>"; };
		3923D54D1DC04FDE00474159 /* ReceiveViewController.storyboard */ = {isa = PBXFileReference; fileEncoding = 4; lastKnownFileType = file.storyboard; name = ReceiveViewController.storyboard; path = Receive/ReceiveViewController.storyboard; sourceTree = "<group>"; };
		3923D54F1DC04FF800474159 /* TransmitViewController.storyboard */ = {isa = PBXFileReference; fileEncoding = 4; lastKnownFileType = file.storyboard; name = TransmitViewController.storyboard; path = Transmit/TransmitViewController.storyboard; sourceTree = "<group>"; };
		3923D5511DC050AC00474159 /* TabBarViewController.swift */ = {isa = PBXFileReference; fileEncoding = 4; lastKnownFileType = sourcecode.swift; path = TabBarViewController.swift; sourceTree = "<group>"; };
		3923D5531DC0510100474159 /* StoryboardInstantiable.swift */ = {isa = PBXFileReference; fileEncoding = 4; lastKnownFileType = sourcecode.swift; path = StoryboardInstantiable.swift; sourceTree = "<group>"; };
		3983752D1DC4745500CE08B2 /* Network.swift */ = {isa = PBXFileReference; fileEncoding = 4; lastKnownFileType = sourcecode.swift; name = Network.swift; path = Networking/Network.swift; sourceTree = "<group>"; };
		3A18BD4A5E13E5C07527E896 /* Pods-FirebaseSwimeeUITests.debug.xcconfig */ = {isa = PBXFileReference; includeInIndex = 1; lastKnownFileType = text.xcconfig; name = "Pods-FirebaseSwimeeUITests.debug.xcconfig"; path = "Pods/Target Support Files/Pods-FirebaseSwimeeUITests/Pods-FirebaseSwimeeUITests.debug.xcconfig"; sourceTree = "<group>"; };
		46D6AF7E1DC35BF400BA44C3 /* OptionalUtility.swift */ = {isa = PBXFileReference; fileEncoding = 4; lastKnownFileType = sourcecode.swift; path = OptionalUtility.swift; sourceTree = "<group>"; };
		493B1A25F422160F21ED46DB /* Pods_FirebaseSwimeeTests.framework */ = {isa = PBXFileReference; explicitFileType = wrapper.framework; includeInIndex = 0; path = Pods_FirebaseSwimeeTests.framework; sourceTree = BUILT_PRODUCTS_DIR; };
		5710A8E555066B8724D37C94 /* Pods-FirebaseSwimee.release.xcconfig */ = {isa = PBXFileReference; includeInIndex = 1; lastKnownFileType = text.xcconfig; name = "Pods-FirebaseSwimee.release.xcconfig"; path = "Pods/Target Support Files/Pods-FirebaseSwimee/Pods-FirebaseSwimee.release.xcconfig"; sourceTree = "<group>"; };
		639B89A81DC2174200DEC956 /* GoogleService-Info.plist */ = {isa = PBXFileReference; fileEncoding = 4; lastKnownFileType = text.plist.xml; path = "GoogleService-Info.plist"; sourceTree = "<group>"; };
		7A3BA016F488D700B984FD1B /* Pods-FirebaseSwimeeTests.release.xcconfig */ = {isa = PBXFileReference; includeInIndex = 1; lastKnownFileType = text.xcconfig; name = "Pods-FirebaseSwimeeTests.release.xcconfig"; path = "Pods/Target Support Files/Pods-FirebaseSwimeeTests/Pods-FirebaseSwimeeTests.release.xcconfig"; sourceTree = "<group>"; };
		A8AD36014E965051B7A167D5 /* Pods-FirebaseSwimee.debug.xcconfig */ = {isa = PBXFileReference; includeInIndex = 1; lastKnownFileType = text.xcconfig; name = "Pods-FirebaseSwimee.debug.xcconfig"; path = "Pods/Target Support Files/Pods-FirebaseSwimee/Pods-FirebaseSwimee.debug.xcconfig"; sourceTree = "<group>"; };
		E711DD8D143CF08963EC8C20 /* Pods_FirebaseSwimeeUITests.framework */ = {isa = PBXFileReference; explicitFileType = wrapper.framework; includeInIndex = 0; path = Pods_FirebaseSwimeeUITests.framework; sourceTree = BUILT_PRODUCTS_DIR; };
		F1E450F2ED32194051E2D536 /* Pods-FirebaseSwimeeTests.debug.xcconfig */ = {isa = PBXFileReference; includeInIndex = 1; lastKnownFileType = text.xcconfig; name = "Pods-FirebaseSwimeeTests.debug.xcconfig"; path = "Pods/Target Support Files/Pods-FirebaseSwimeeTests/Pods-FirebaseSwimeeTests.debug.xcconfig"; sourceTree = "<group>"; };
		F6A77BE1D9D4F439E86C2D43 /* Pods-FirebaseSwimeeUITests.release.xcconfig */ = {isa = PBXFileReference; includeInIndex = 1; lastKnownFileType = text.xcconfig; name = "Pods-FirebaseSwimeeUITests.release.xcconfig"; path = "Pods/Target Support Files/Pods-FirebaseSwimeeUITests/Pods-FirebaseSwimeeUITests.release.xcconfig"; sourceTree = "<group>"; };
/* End PBXFileReference section */

/* Begin PBXFrameworksBuildPhase section */
		3923D50A1DC04AFE00474159 /* Frameworks */ = {
			isa = PBXFrameworksBuildPhase;
			buildActionMask = 2147483647;
			files = (
				C08463E487EC00E00CCABC7A /* Pods_FirebaseSwimee.framework in Frameworks */,
			);
			runOnlyForDeploymentPostprocessing = 0;
		};
		3923D51E1DC04AFE00474159 /* Frameworks */ = {
			isa = PBXFrameworksBuildPhase;
			buildActionMask = 2147483647;
			files = (
				2A43B345B60B8BE7C965D683 /* Pods_FirebaseSwimeeTests.framework in Frameworks */,
			);
			runOnlyForDeploymentPostprocessing = 0;
		};
		3923D5291DC04AFE00474159 /* Frameworks */ = {
			isa = PBXFrameworksBuildPhase;
			buildActionMask = 2147483647;
			files = (
				610F059607997D79CE3A688A /* Pods_FirebaseSwimeeUITests.framework in Frameworks */,
			);
			runOnlyForDeploymentPostprocessing = 0;
		};
/* End PBXFrameworksBuildPhase section */

/* Begin PBXGroup section */
		217B222DECDBBEB67A3A5E73 /* Pods */ = {
			isa = PBXGroup;
			children = (
				A8AD36014E965051B7A167D5 /* Pods-FirebaseSwimee.debug.xcconfig */,
				5710A8E555066B8724D37C94 /* Pods-FirebaseSwimee.release.xcconfig */,
				F1E450F2ED32194051E2D536 /* Pods-FirebaseSwimeeTests.debug.xcconfig */,
				7A3BA016F488D700B984FD1B /* Pods-FirebaseSwimeeTests.release.xcconfig */,
				3A18BD4A5E13E5C07527E896 /* Pods-FirebaseSwimeeUITests.debug.xcconfig */,
				F6A77BE1D9D4F439E86C2D43 /* Pods-FirebaseSwimeeUITests.release.xcconfig */,
			);
			name = Pods;
			sourceTree = "<group>";
		};
		3923D5041DC04AFE00474159 = {
			isa = PBXGroup;
			children = (
				3923D50F1DC04AFE00474159 /* FirebaseSwimee */,
				3923D5241DC04AFE00474159 /* FirebaseSwimeeTests */,
				3923D52F1DC04AFE00474159 /* FirebaseSwimeeUITests */,
				3923D50E1DC04AFE00474159 /* Products */,
				217B222DECDBBEB67A3A5E73 /* Pods */,
				9B1A0538AC0813CFDF3EB74B /* Frameworks */,
			);
			sourceTree = "<group>";
		};
		3923D50E1DC04AFE00474159 /* Products */ = {
			isa = PBXGroup;
			children = (
				3923D50D1DC04AFE00474159 /* FirebaseSwimee.app */,
				3923D5211DC04AFE00474159 /* FirebaseSwimeeTests.xctest */,
				3923D52C1DC04AFE00474159 /* FirebaseSwimeeUITests.xctest */,
			);
			name = Products;
			sourceTree = "<group>";
		};
		3923D50F1DC04AFE00474159 /* FirebaseSwimee */ = {
			isa = PBXGroup;
			children = (
				3923D5511DC050AC00474159 /* TabBarViewController.swift */,
				3923D5531DC0510100474159 /* StoryboardInstantiable.swift */,
				3983752C1DC463A400CE08B2 /* Networking */,
				3923D54B1DC04FC000474159 /* Receive */,
				3923D54C1DC04FC500474159 /* Transmit */,
				3923D5101DC04AFE00474159 /* AppDelegate.swift */,
				3923D5141DC04AFE00474159 /* Main.storyboard */,
				3923D5171DC04AFE00474159 /* Assets.xcassets */,
				3923D5191DC04AFE00474159 /* LaunchScreen.storyboard */,
				639B89A81DC2174200DEC956 /* GoogleService-Info.plist */,
				3923D51C1DC04AFE00474159 /* Info.plist */,
				46D6AF7E1DC35BF400BA44C3 /* OptionalUtility.swift */,
			);
			path = FirebaseSwimee;
			sourceTree = "<group>";
		};
		3923D5241DC04AFE00474159 /* FirebaseSwimeeTests */ = {
			isa = PBXGroup;
			children = (
				3923D5251DC04AFE00474159 /* FirebaseSwimeeTests.swift */,
				3923D5271DC04AFE00474159 /* Info.plist */,
			);
			path = FirebaseSwimeeTests;
			sourceTree = "<group>";
		};
		3923D52F1DC04AFE00474159 /* FirebaseSwimeeUITests */ = {
			isa = PBXGroup;
			children = (
				3923D5301DC04AFE00474159 /* FirebaseSwimeeUITests.swift */,
				3923D5321DC04AFE00474159 /* Info.plist */,
			);
			path = FirebaseSwimeeUITests;
			sourceTree = "<group>";
		};
		3923D54B1DC04FC000474159 /* Receive */ = {
			isa = PBXGroup;
			children = (
				3923D5461DC04EFD00474159 /* ReceiveViewController.swift */,
				3923D54D1DC04FDE00474159 /* ReceiveViewController.storyboard */,
			);
			name = Receive;
			sourceTree = "<group>";
		};
		3923D54C1DC04FC500474159 /* Transmit */ = {
			isa = PBXGroup;
			children = (
				3923D5491DC04F8D00474159 /* TransmitViewController.swift */,
				3923D54F1DC04FF800474159 /* TransmitViewController.storyboard */,
			);
			name = Transmit;
			sourceTree = "<group>";
		};
		3983752C1DC463A400CE08B2 /* Networking */ = {
			isa = PBXGroup;
			children = (
				3983752D1DC4745500CE08B2 /* Network.swift */,
			);
			name = Networking;
			sourceTree = "<group>";
		};
		9B1A0538AC0813CFDF3EB74B /* Frameworks */ = {
			isa = PBXGroup;
			children = (
				2041C383616D143200B06FD2 /* Pods_FirebaseSwimee.framework */,
				493B1A25F422160F21ED46DB /* Pods_FirebaseSwimeeTests.framework */,
				E711DD8D143CF08963EC8C20 /* Pods_FirebaseSwimeeUITests.framework */,
			);
			name = Frameworks;
			sourceTree = "<group>";
		};
/* End PBXGroup section */

/* Begin PBXNativeTarget section */
		3923D50C1DC04AFE00474159 /* FirebaseSwimee */ = {
			isa = PBXNativeTarget;
			buildConfigurationList = 3923D5351DC04AFE00474159 /* Build configuration list for PBXNativeTarget "FirebaseSwimee" */;
			buildPhases = (
				84A789276FC4611EAA67FDC8 /* [CP] Check Pods Manifest.lock */,
				3923D5091DC04AFE00474159 /* Sources */,
				3923D50A1DC04AFE00474159 /* Frameworks */,
				3923D50B1DC04AFE00474159 /* Resources */,
				BEE461D7A63B0EB4D2B19688 /* [CP] Embed Pods Frameworks */,
				39C65C69598A1B8ED07A23EF /* [CP] Copy Pods Resources */,
			);
			buildRules = (
			);
			dependencies = (
			);
			name = FirebaseSwimee;
			productName = FirebaseSwimee;
			productReference = 3923D50D1DC04AFE00474159 /* FirebaseSwimee.app */;
			productType = "com.apple.product-type.application";
		};
		3923D5201DC04AFE00474159 /* FirebaseSwimeeTests */ = {
			isa = PBXNativeTarget;
			buildConfigurationList = 3923D5381DC04AFE00474159 /* Build configuration list for PBXNativeTarget "FirebaseSwimeeTests" */;
			buildPhases = (
				CDFB987113E26535D0BAD406 /* [CP] Check Pods Manifest.lock */,
				3923D51D1DC04AFE00474159 /* Sources */,
				3923D51E1DC04AFE00474159 /* Frameworks */,
				3923D51F1DC04AFE00474159 /* Resources */,
				F6C4DD99C5146BB01A5D591B /* [CP] Embed Pods Frameworks */,
				AAF1B47B50D99FBDE3F71DB1 /* [CP] Copy Pods Resources */,
			);
			buildRules = (
			);
			dependencies = (
				3923D5231DC04AFE00474159 /* PBXTargetDependency */,
			);
			name = FirebaseSwimeeTests;
			productName = FirebaseSwimeeTests;
			productReference = 3923D5211DC04AFE00474159 /* FirebaseSwimeeTests.xctest */;
			productType = "com.apple.product-type.bundle.unit-test";
		};
		3923D52B1DC04AFE00474159 /* FirebaseSwimeeUITests */ = {
			isa = PBXNativeTarget;
			buildConfigurationList = 3923D53B1DC04AFE00474159 /* Build configuration list for PBXNativeTarget "FirebaseSwimeeUITests" */;
			buildPhases = (
				4C4897C97EDF5D7FD2082128 /* [CP] Check Pods Manifest.lock */,
				3923D5281DC04AFE00474159 /* Sources */,
				3923D5291DC04AFE00474159 /* Frameworks */,
				3923D52A1DC04AFE00474159 /* Resources */,
				D1D0046C8815B1006061F6C4 /* [CP] Copy Pods Resources */,
				28B094A560B44E02DC5FAC48 /* [CP] Embed Pods Frameworks */,
			);
			buildRules = (
			);
			dependencies = (
				3923D52E1DC04AFE00474159 /* PBXTargetDependency */,
			);
			name = FirebaseSwimeeUITests;
			productName = FirebaseSwimeeUITests;
			productReference = 3923D52C1DC04AFE00474159 /* FirebaseSwimeeUITests.xctest */;
			productType = "com.apple.product-type.bundle.ui-testing";
		};
/* End PBXNativeTarget section */

/* Begin PBXProject section */
		3923D5051DC04AFE00474159 /* Project object */ = {
			isa = PBXProject;
			attributes = {
				LastSwiftUpdateCheck = 0800;
				LastUpgradeCheck = 0800;
				ORGANIZATIONNAME = ShinokiRyosei;
				TargetAttributes = {
					3923D50C1DC04AFE00474159 = {
						CreatedOnToolsVersion = 8.0;
						DevelopmentTeam = 44KX7M22LP;
						ProvisioningStyle = Automatic;
					};
					3923D5201DC04AFE00474159 = {
						CreatedOnToolsVersion = 8.0;
						DevelopmentTeam = SLHYE76MHB;
						ProvisioningStyle = Automatic;
						TestTargetID = 3923D50C1DC04AFE00474159;
					};
					3923D52B1DC04AFE00474159 = {
						CreatedOnToolsVersion = 8.0;
						DevelopmentTeam = SLHYE76MHB;
						ProvisioningStyle = Automatic;
						TestTargetID = 3923D50C1DC04AFE00474159;
					};
				};
			};
			buildConfigurationList = 3923D5081DC04AFE00474159 /* Build configuration list for PBXProject "FirebaseSwimee" */;
			compatibilityVersion = "Xcode 3.2";
			developmentRegion = English;
			hasScannedForEncodings = 0;
			knownRegions = (
				en,
				Base,
			);
			mainGroup = 3923D5041DC04AFE00474159;
			productRefGroup = 3923D50E1DC04AFE00474159 /* Products */;
			projectDirPath = "";
			projectRoot = "";
			targets = (
				3923D50C1DC04AFE00474159 /* FirebaseSwimee */,
				3923D5201DC04AFE00474159 /* FirebaseSwimeeTests */,
				3923D52B1DC04AFE00474159 /* FirebaseSwimeeUITests */,
			);
		};
/* End PBXProject section */

/* Begin PBXResourcesBuildPhase section */
		3923D50B1DC04AFE00474159 /* Resources */ = {
			isa = PBXResourcesBuildPhase;
			buildActionMask = 2147483647;
			files = (
				3923D51B1DC04AFE00474159 /* LaunchScreen.storyboard in Resources */,
				3923D5181DC04AFE00474159 /* Assets.xcassets in Resources */,
				3923D5501DC04FF800474159 /* TransmitViewController.storyboard in Resources */,
				3923D54E1DC04FDE00474159 /* ReceiveViewController.storyboard in Resources */,
				3923D5161DC04AFE00474159 /* Main.storyboard in Resources */,
				639B89A91DC2174200DEC956 /* GoogleService-Info.plist in Resources */,
			);
			runOnlyForDeploymentPostprocessing = 0;
		};
		3923D51F1DC04AFE00474159 /* Resources */ = {
			isa = PBXResourcesBuildPhase;
			buildActionMask = 2147483647;
			files = (
			);
			runOnlyForDeploymentPostprocessing = 0;
		};
		3923D52A1DC04AFE00474159 /* Resources */ = {
			isa = PBXResourcesBuildPhase;
			buildActionMask = 2147483647;
			files = (
			);
			runOnlyForDeploymentPostprocessing = 0;
		};
/* End PBXResourcesBuildPhase section */

/* Begin PBXShellScriptBuildPhase section */
		28B094A560B44E02DC5FAC48 /* [CP] Embed Pods Frameworks */ = {
			isa = PBXShellScriptBuildPhase;
			buildActionMask = 2147483647;
			files = (
			);
			inputPaths = (
			);
			name = "[CP] Embed Pods Frameworks";
			outputPaths = (
			);
			runOnlyForDeploymentPostprocessing = 0;
			shellPath = /bin/sh;
			shellScript = "\"${SRCROOT}/Pods/Target Support Files/Pods-FirebaseSwimeeUITests/Pods-FirebaseSwimeeUITests-frameworks.sh\"\n";
			showEnvVarsInLog = 0;
		};
		39C65C69598A1B8ED07A23EF /* [CP] Copy Pods Resources */ = {
			isa = PBXShellScriptBuildPhase;
			buildActionMask = 2147483647;
			files = (
			);
			inputPaths = (
			);
			name = "[CP] Copy Pods Resources";
			outputPaths = (
			);
			runOnlyForDeploymentPostprocessing = 0;
			shellPath = /bin/sh;
			shellScript = "\"${SRCROOT}/Pods/Target Support Files/Pods-FirebaseSwimee/Pods-FirebaseSwimee-resources.sh\"\n";
			showEnvVarsInLog = 0;
		};
		4C4897C97EDF5D7FD2082128 /* [CP] Check Pods Manifest.lock */ = {
			isa = PBXShellScriptBuildPhase;
			buildActionMask = 2147483647;
			files = (
			);
			inputPaths = (
			);
			name = "[CP] Check Pods Manifest.lock";
			outputPaths = (
			);
			runOnlyForDeploymentPostprocessing = 0;
			shellPath = /bin/sh;
			shellScript = "diff \"${PODS_ROOT}/../Podfile.lock\" \"${PODS_ROOT}/Manifest.lock\" > /dev/null\nif [ $? != 0 ] ; then\n    # print error to STDERR\n    echo \"error: The sandbox is not in sync with the Podfile.lock. Run 'pod install' or update your CocoaPods installation.\" >&2\n    exit 1\nfi\n";
			showEnvVarsInLog = 0;
		};
		84A789276FC4611EAA67FDC8 /* [CP] Check Pods Manifest.lock */ = {
			isa = PBXShellScriptBuildPhase;
			buildActionMask = 2147483647;
			files = (
			);
			inputPaths = (
			);
			name = "[CP] Check Pods Manifest.lock";
			outputPaths = (
			);
			runOnlyForDeploymentPostprocessing = 0;
			shellPath = /bin/sh;
			shellScript = "diff \"${PODS_ROOT}/../Podfile.lock\" \"${PODS_ROOT}/Manifest.lock\" > /dev/null\nif [ $? != 0 ] ; then\n    # print error to STDERR\n    echo \"error: The sandbox is not in sync with the Podfile.lock. Run 'pod install' or update your CocoaPods installation.\" >&2\n    exit 1\nfi\n";
			showEnvVarsInLog = 0;
		};
		AAF1B47B50D99FBDE3F71DB1 /* [CP] Copy Pods Resources */ = {
			isa = PBXShellScriptBuildPhase;
			buildActionMask = 2147483647;
			files = (
			);
			inputPaths = (
			);
			name = "[CP] Copy Pods Resources";
			outputPaths = (
			);
			runOnlyForDeploymentPostprocessing = 0;
			shellPath = /bin/sh;
			shellScript = "\"${SRCROOT}/Pods/Target Support Files/Pods-FirebaseSwimeeTests/Pods-FirebaseSwimeeTests-resources.sh\"\n";
			showEnvVarsInLog = 0;
		};
		BEE461D7A63B0EB4D2B19688 /* [CP] Embed Pods Frameworks */ = {
			isa = PBXShellScriptBuildPhase;
			buildActionMask = 2147483647;
			files = (
			);
			inputPaths = (
			);
			name = "[CP] Embed Pods Frameworks";
			outputPaths = (
			);
			runOnlyForDeploymentPostprocessing = 0;
			shellPath = /bin/sh;
			shellScript = "\"${SRCROOT}/Pods/Target Support Files/Pods-FirebaseSwimee/Pods-FirebaseSwimee-frameworks.sh\"\n";
			showEnvVarsInLog = 0;
		};
		CDFB987113E26535D0BAD406 /* [CP] Check Pods Manifest.lock */ = {
			isa = PBXShellScriptBuildPhase;
			buildActionMask = 2147483647;
			files = (
			);
			inputPaths = (
			);
			name = "[CP] Check Pods Manifest.lock";
			outputPaths = (
			);
			runOnlyForDeploymentPostprocessing = 0;
			shellPath = /bin/sh;
			shellScript = "diff \"${PODS_ROOT}/../Podfile.lock\" \"${PODS_ROOT}/Manifest.lock\" > /dev/null\nif [ $? != 0 ] ; then\n    # print error to STDERR\n    echo \"error: The sandbox is not in sync with the Podfile.lock. Run 'pod install' or update your CocoaPods installation.\" >&2\n    exit 1\nfi\n";
			showEnvVarsInLog = 0;
		};
		D1D0046C8815B1006061F6C4 /* [CP] Copy Pods Resources */ = {
			isa = PBXShellScriptBuildPhase;
			buildActionMask = 2147483647;
			files = (
			);
			inputPaths = (
			);
			name = "[CP] Copy Pods Resources";
			outputPaths = (
			);
			runOnlyForDeploymentPostprocessing = 0;
			shellPath = /bin/sh;
			shellScript = "\"${SRCROOT}/Pods/Target Support Files/Pods-FirebaseSwimeeUITests/Pods-FirebaseSwimeeUITests-resources.sh\"\n";
			showEnvVarsInLog = 0;
		};
		F6C4DD99C5146BB01A5D591B /* [CP] Embed Pods Frameworks */ = {
			isa = PBXShellScriptBuildPhase;
			buildActionMask = 2147483647;
			files = (
			);
			inputPaths = (
			);
			name = "[CP] Embed Pods Frameworks";
			outputPaths = (
			);
			runOnlyForDeploymentPostprocessing = 0;
			shellPath = /bin/sh;
			shellScript = "\"${SRCROOT}/Pods/Target Support Files/Pods-FirebaseSwimeeTests/Pods-FirebaseSwimeeTests-frameworks.sh\"\n";
			showEnvVarsInLog = 0;
		};
/* End PBXShellScriptBuildPhase section */

/* Begin PBXSourcesBuildPhase section */
		3923D5091DC04AFE00474159 /* Sources */ = {
			isa = PBXSourcesBuildPhase;
			buildActionMask = 2147483647;
			files = (
				3923D54A1DC04F8D00474159 /* TransmitViewController.swift in Sources */,
				3923D5471DC04EFD00474159 /* ReceiveViewController.swift in Sources */,
				3923D5521DC050AC00474159 /* TabBarViewController.swift in Sources */,
				3923D5541DC0510100474159 /* StoryboardInstantiable.swift in Sources */,
				3983752E1DC4745500CE08B2 /* Network.swift in Sources */,
				46D6AF7F1DC35BF400BA44C3 /* OptionalUtility.swift in Sources */,
				3923D5111DC04AFE00474159 /* AppDelegate.swift in Sources */,
			);
			runOnlyForDeploymentPostprocessing = 0;
		};
		3923D51D1DC04AFE00474159 /* Sources */ = {
			isa = PBXSourcesBuildPhase;
			buildActionMask = 2147483647;
			files = (
				3923D5261DC04AFE00474159 /* FirebaseSwimeeTests.swift in Sources */,
			);
			runOnlyForDeploymentPostprocessing = 0;
		};
		3923D5281DC04AFE00474159 /* Sources */ = {
			isa = PBXSourcesBuildPhase;
			buildActionMask = 2147483647;
			files = (
				3923D5311DC04AFE00474159 /* FirebaseSwimeeUITests.swift in Sources */,
			);
			runOnlyForDeploymentPostprocessing = 0;
		};
/* End PBXSourcesBuildPhase section */

/* Begin PBXTargetDependency section */
		3923D5231DC04AFE00474159 /* PBXTargetDependency */ = {
			isa = PBXTargetDependency;
			target = 3923D50C1DC04AFE00474159 /* FirebaseSwimee */;
			targetProxy = 3923D5221DC04AFE00474159 /* PBXContainerItemProxy */;
		};
		3923D52E1DC04AFE00474159 /* PBXTargetDependency */ = {
			isa = PBXTargetDependency;
			target = 3923D50C1DC04AFE00474159 /* FirebaseSwimee */;
			targetProxy = 3923D52D1DC04AFE00474159 /* PBXContainerItemProxy */;
		};
/* End PBXTargetDependency section */

/* Begin PBXVariantGroup section */
		3923D5141DC04AFE00474159 /* Main.storyboard */ = {
			isa = PBXVariantGroup;
			children = (
				3923D5151DC04AFE00474159 /* Base */,
			);
			name = Main.storyboard;
			sourceTree = "<group>";
		};
		3923D5191DC04AFE00474159 /* LaunchScreen.storyboard */ = {
			isa = PBXVariantGroup;
			children = (
				3923D51A1DC04AFE00474159 /* Base */,
			);
			name = LaunchScreen.storyboard;
			sourceTree = "<group>";
		};
/* End PBXVariantGroup section */

/* Begin XCBuildConfiguration section */
		3923D5331DC04AFE00474159 /* Debug */ = {
			isa = XCBuildConfiguration;
			buildSettings = {
				ALWAYS_SEARCH_USER_PATHS = NO;
				CLANG_ANALYZER_NONNULL = YES;
				CLANG_CXX_LANGUAGE_STANDARD = "gnu++0x";
				CLANG_CXX_LIBRARY = "libc++";
				CLANG_ENABLE_MODULES = YES;
				CLANG_ENABLE_OBJC_ARC = YES;
				CLANG_WARN_BOOL_CONVERSION = YES;
				CLANG_WARN_CONSTANT_CONVERSION = YES;
				CLANG_WARN_DIRECT_OBJC_ISA_USAGE = YES_ERROR;
				CLANG_WARN_DOCUMENTATION_COMMENTS = YES;
				CLANG_WARN_EMPTY_BODY = YES;
				CLANG_WARN_ENUM_CONVERSION = YES;
				CLANG_WARN_INFINITE_RECURSION = YES;
				CLANG_WARN_INT_CONVERSION = YES;
				CLANG_WARN_OBJC_ROOT_CLASS = YES_ERROR;
				CLANG_WARN_SUSPICIOUS_MOVES = YES;
				CLANG_WARN_UNREACHABLE_CODE = YES;
				CLANG_WARN__DUPLICATE_METHOD_MATCH = YES;
				"CODE_SIGN_IDENTITY[sdk=iphoneos*]" = "iPhone Developer";
				COPY_PHASE_STRIP = NO;
				DEBUG_INFORMATION_FORMAT = dwarf;
				ENABLE_STRICT_OBJC_MSGSEND = YES;
				ENABLE_TESTABILITY = YES;
				GCC_C_LANGUAGE_STANDARD = gnu99;
				GCC_DYNAMIC_NO_PIC = NO;
				GCC_NO_COMMON_BLOCKS = YES;
				GCC_OPTIMIZATION_LEVEL = 0;
				GCC_PREPROCESSOR_DEFINITIONS = (
					"DEBUG=1",
					"$(inherited)",
				);
				GCC_WARN_64_TO_32_BIT_CONVERSION = YES;
				GCC_WARN_ABOUT_RETURN_TYPE = YES_ERROR;
				GCC_WARN_UNDECLARED_SELECTOR = YES;
				GCC_WARN_UNINITIALIZED_AUTOS = YES_AGGRESSIVE;
				GCC_WARN_UNUSED_FUNCTION = YES;
				GCC_WARN_UNUSED_VARIABLE = YES;
				IPHONEOS_DEPLOYMENT_TARGET = 10.0;
				MTL_ENABLE_DEBUG_INFO = YES;
				ONLY_ACTIVE_ARCH = YES;
				SDKROOT = iphoneos;
				SWIFT_ACTIVE_COMPILATION_CONDITIONS = DEBUG;
				SWIFT_OPTIMIZATION_LEVEL = "-Onone";
			};
			name = Debug;
		};
		3923D5341DC04AFE00474159 /* Release */ = {
			isa = XCBuildConfiguration;
			buildSettings = {
				ALWAYS_SEARCH_USER_PATHS = NO;
				CLANG_ANALYZER_NONNULL = YES;
				CLANG_CXX_LANGUAGE_STANDARD = "gnu++0x";
				CLANG_CXX_LIBRARY = "libc++";
				CLANG_ENABLE_MODULES = YES;
				CLANG_ENABLE_OBJC_ARC = YES;
				CLANG_WARN_BOOL_CONVERSION = YES;
				CLANG_WARN_CONSTANT_CONVERSION = YES;
				CLANG_WARN_DIRECT_OBJC_ISA_USAGE = YES_ERROR;
				CLANG_WARN_DOCUMENTATION_COMMENTS = YES;
				CLANG_WARN_EMPTY_BODY = YES;
				CLANG_WARN_ENUM_CONVERSION = YES;
				CLANG_WARN_INFINITE_RECURSION = YES;
				CLANG_WARN_INT_CONVERSION = YES;
				CLANG_WARN_OBJC_ROOT_CLASS = YES_ERROR;
				CLANG_WARN_SUSPICIOUS_MOVES = YES;
				CLANG_WARN_UNREACHABLE_CODE = YES;
				CLANG_WARN__DUPLICATE_METHOD_MATCH = YES;
				"CODE_SIGN_IDENTITY[sdk=iphoneos*]" = "iPhone Developer";
				COPY_PHASE_STRIP = NO;
				DEBUG_INFORMATION_FORMAT = "dwarf-with-dsym";
				ENABLE_NS_ASSERTIONS = NO;
				ENABLE_STRICT_OBJC_MSGSEND = YES;
				GCC_C_LANGUAGE_STANDARD = gnu99;
				GCC_NO_COMMON_BLOCKS = YES;
				GCC_WARN_64_TO_32_BIT_CONVERSION = YES;
				GCC_WARN_ABOUT_RETURN_TYPE = YES_ERROR;
				GCC_WARN_UNDECLARED_SELECTOR = YES;
				GCC_WARN_UNINITIALIZED_AUTOS = YES_AGGRESSIVE;
				GCC_WARN_UNUSED_FUNCTION = YES;
				GCC_WARN_UNUSED_VARIABLE = YES;
				IPHONEOS_DEPLOYMENT_TARGET = 10.0;
				MTL_ENABLE_DEBUG_INFO = NO;
				SDKROOT = iphoneos;
				SWIFT_OPTIMIZATION_LEVEL = "-Owholemodule";
				VALIDATE_PRODUCT = YES;
			};
			name = Release;
		};
		3923D5361DC04AFE00474159 /* Debug */ = {
			isa = XCBuildConfiguration;
			baseConfigurationReference = A8AD36014E965051B7A167D5 /* Pods-FirebaseSwimee.debug.xcconfig */;
			buildSettings = {
				ASSETCATALOG_COMPILER_APPICON_NAME = AppIcon;
				DEVELOPMENT_TEAM = 44KX7M22LP;
				INFOPLIST_FILE = FirebaseSwimee/Info.plist;
				IPHONEOS_DEPLOYMENT_TARGET = 9.2;
				LD_RUNPATH_SEARCH_PATHS = "$(inherited) @executable_path/Frameworks";
				PRODUCT_BUNDLE_IDENTIFIER = com.wataru.FireSwimee;
				PRODUCT_NAME = "$(TARGET_NAME)";
				SWIFT_VERSION = 3.0;
			};
			name = Debug;
		};
		3923D5371DC04AFE00474159 /* Release */ = {
			isa = XCBuildConfiguration;
			baseConfigurationReference = 5710A8E555066B8724D37C94 /* Pods-FirebaseSwimee.release.xcconfig */;
			buildSettings = {
				ASSETCATALOG_COMPILER_APPICON_NAME = AppIcon;
				DEVELOPMENT_TEAM = 44KX7M22LP;
				INFOPLIST_FILE = FirebaseSwimee/Info.plist;
				IPHONEOS_DEPLOYMENT_TARGET = 9.2;
				LD_RUNPATH_SEARCH_PATHS = "$(inherited) @executable_path/Frameworks";
				PRODUCT_BUNDLE_IDENTIFIER = com.wataru.FireSwimee;
				PRODUCT_NAME = "$(TARGET_NAME)";
				SWIFT_VERSION = 3.0;
			};
			name = Release;
		};
		3923D5391DC04AFE00474159 /* Debug */ = {
			isa = XCBuildConfiguration;
			baseConfigurationReference = F1E450F2ED32194051E2D536 /* Pods-FirebaseSwimeeTests.debug.xcconfig */;
			buildSettings = {
				ALWAYS_EMBED_SWIFT_STANDARD_LIBRARIES = YES;
				BUNDLE_LOADER = "$(TEST_HOST)";
				DEVELOPMENT_TEAM = SLHYE76MHB;
				INFOPLIST_FILE = FirebaseSwimeeTests/Info.plist;
				LD_RUNPATH_SEARCH_PATHS = "$(inherited) @executable_path/Frameworks @loader_path/Frameworks";
				PRODUCT_BUNDLE_IDENTIFIER = tv.shinoki.FirebaseSwimeeTests;
				PRODUCT_NAME = "$(TARGET_NAME)";
				SWIFT_VERSION = 3.0;
				TEST_HOST = "$(BUILT_PRODUCTS_DIR)/FirebaseSwimee.app/FirebaseSwimee";
			};
			name = Debug;
		};
		3923D53A1DC04AFE00474159 /* Release */ = {
			isa = XCBuildConfiguration;
			baseConfigurationReference = 7A3BA016F488D700B984FD1B /* Pods-FirebaseSwimeeTests.release.xcconfig */;
			buildSettings = {
				ALWAYS_EMBED_SWIFT_STANDARD_LIBRARIES = YES;
				BUNDLE_LOADER = "$(TEST_HOST)";
				DEVELOPMENT_TEAM = SLHYE76MHB;
				INFOPLIST_FILE = FirebaseSwimeeTests/Info.plist;
				LD_RUNPATH_SEARCH_PATHS = "$(inherited) @executable_path/Frameworks @loader_path/Frameworks";
				PRODUCT_BUNDLE_IDENTIFIER = tv.shinoki.FirebaseSwimeeTests;
				PRODUCT_NAME = "$(TARGET_NAME)";
				SWIFT_VERSION = 3.0;
				TEST_HOST = "$(BUILT_PRODUCTS_DIR)/FirebaseSwimee.app/FirebaseSwimee";
			};
			name = Release;
		};
		3923D53C1DC04AFE00474159 /* Debug */ = {
			isa = XCBuildConfiguration;
			baseConfigurationReference = 3A18BD4A5E13E5C07527E896 /* Pods-FirebaseSwimeeUITests.debug.xcconfig */;
			buildSettings = {
				ALWAYS_EMBED_SWIFT_STANDARD_LIBRARIES = YES;
				DEVELOPMENT_TEAM = SLHYE76MHB;
				INFOPLIST_FILE = FirebaseSwimeeUITests/Info.plist;
				LD_RUNPATH_SEARCH_PATHS = "$(inherited) @executable_path/Frameworks @loader_path/Frameworks";
				PRODUCT_BUNDLE_IDENTIFIER = tv.shinoki.FirebaseSwimeeUITests;
				PRODUCT_NAME = "$(TARGET_NAME)";
				SWIFT_VERSION = 3.0;
				TEST_TARGET_NAME = FirebaseSwimee;
			};
			name = Debug;
		};
		3923D53D1DC04AFE00474159 /* Release */ = {
			isa = XCBuildConfiguration;
			baseConfigurationReference = F6A77BE1D9D4F439E86C2D43 /* Pods-FirebaseSwimeeUITests.release.xcconfig */;
			buildSettings = {
				ALWAYS_EMBED_SWIFT_STANDARD_LIBRARIES = YES;
				DEVELOPMENT_TEAM = SLHYE76MHB;
				INFOPLIST_FILE = FirebaseSwimeeUITests/Info.plist;
				LD_RUNPATH_SEARCH_PATHS = "$(inherited) @executable_path/Frameworks @loader_path/Frameworks";
				PRODUCT_BUNDLE_IDENTIFIER = tv.shinoki.FirebaseSwimeeUITests;
				PRODUCT_NAME = "$(TARGET_NAME)";
				SWIFT_VERSION = 3.0;
				TEST_TARGET_NAME = FirebaseSwimee;
			};
			name = Release;
		};
/* End XCBuildConfiguration section */

/* Begin XCConfigurationList section */
		3923D5081DC04AFE00474159 /* Build configuration list for PBXProject "FirebaseSwimee" */ = {
			isa = XCConfigurationList;
			buildConfigurations = (
				3923D5331DC04AFE00474159 /* Debug */,
				3923D5341DC04AFE00474159 /* Release */,
			);
			defaultConfigurationIsVisible = 0;
			defaultConfigurationName = Release;
		};
		3923D5351DC04AFE00474159 /* Build configuration list for PBXNativeTarget "FirebaseSwimee" */ = {
			isa = XCConfigurationList;
			buildConfigurations = (
				3923D5361DC04AFE00474159 /* Debug */,
				3923D5371DC04AFE00474159 /* Release */,
			);
			defaultConfigurationIsVisible = 0;
			defaultConfigurationName = Release;
		};
		3923D5381DC04AFE00474159 /* Build configuration list for PBXNativeTarget "FirebaseSwimeeTests" */ = {
			isa = XCConfigurationList;
			buildConfigurations = (
				3923D5391DC04AFE00474159 /* Debug */,
				3923D53A1DC04AFE00474159 /* Release */,
			);
			defaultConfigurationIsVisible = 0;
			defaultConfigurationName = Release;
		};
		3923D53B1DC04AFE00474159 /* Build configuration list for PBXNativeTarget "FirebaseSwimeeUITests" */ = {
			isa = XCConfigurationList;
			buildConfigurations = (
				3923D53C1DC04AFE00474159 /* Debug */,
				3923D53D1DC04AFE00474159 /* Release */,
			);
			defaultConfigurationIsVisible = 0;
			defaultConfigurationName = Release;
		};
/* End XCConfigurationList section */
	};
	rootObject = 3923D5051DC04AFE00474159 /* Project object */;
}
